// !$*UTF8*$!
{
	archiveVersion = 1;
	classes = {
	};
	objectVersion = 56;
	objects = {

/* Begin PBXBuildFile section */
		8453A1BC2A45DF4A00846134 /* AppDelegate.swift in Sources */ = {isa = PBXBuildFile; fileRef = 8453A1BB2A45DF4A00846134 /* AppDelegate.swift */; };
		8453A1C02A45DF4A00846134 /* JokesVC.swift in Sources */ = {isa = PBXBuildFile; fileRef = 8453A1BF2A45DF4A00846134 /* JokesVC.swift */; };
		8453A1C52A45DF4B00846134 /* Assets.xcassets in Resources */ = {isa = PBXBuildFile; fileRef = 8453A1C42A45DF4B00846134 /* Assets.xcassets */; };
		8453A1C82A45DF4B00846134 /* LaunchScreen.storyboard in Resources */ = {isa = PBXBuildFile; fileRef = 8453A1C62A45DF4B00846134 /* LaunchScreen.storyboard */; };
		8453A1D22A46C90700846134 /* JokeTableViewCell.swift in Sources */ = {isa = PBXBuildFile; fileRef = 8453A1D12A46C90700846134 /* JokeTableViewCell.swift */; };
		8453A1DB2A46D28800846134 /* JokesViewPresenter.swift in Sources */ = {isa = PBXBuildFile; fileRef = 8453A1DA2A46D28800846134 /* JokesViewPresenter.swift */; };
		8453A1DE2A46D8D700846134 /* WebServices.swift in Sources */ = {isa = PBXBuildFile; fileRef = 8453A1DD2A46D8D700846134 /* WebServices.swift */; };
/* End PBXBuildFile section */

/* Begin PBXFileReference section */
		8453A1B82A45DF4A00846134 /* JokeBox.app */ = {isa = PBXFileReference; explicitFileType = wrapper.application; includeInIndex = 0; path = JokeBox.app; sourceTree = BUILT_PRODUCTS_DIR; };
		8453A1BB2A45DF4A00846134 /* AppDelegate.swift */ = {isa = PBXFileReference; lastKnownFileType = sourcecode.swift; path = AppDelegate.swift; sourceTree = "<group>"; };
		8453A1BF2A45DF4A00846134 /* JokesVC.swift */ = {isa = PBXFileReference; lastKnownFileType = sourcecode.swift; path = JokesVC.swift; sourceTree = "<group>"; };
		8453A1C42A45DF4B00846134 /* Assets.xcassets */ = {isa = PBXFileReference; lastKnownFileType = folder.assetcatalog; path = Assets.xcassets; sourceTree = "<group>"; };
		8453A1C72A45DF4B00846134 /* Base */ = {isa = PBXFileReference; lastKnownFileType = file.storyboard; name = Base; path = Base.lproj/LaunchScreen.storyboard; sourceTree = "<group>"; };
		8453A1C92A45DF4B00846134 /* Info.plist */ = {isa = PBXFileReference; lastKnownFileType = text.plist.xml; path = Info.plist; sourceTree = "<group>"; };
		8453A1D12A46C90700846134 /* JokeTableViewCell.swift */ = {isa = PBXFileReference; lastKnownFileType = sourcecode.swift; path = JokeTableViewCell.swift; sourceTree = "<group>"; };
		8453A1DA2A46D28800846134 /* JokesViewPresenter.swift */ = {isa = PBXFileReference; lastKnownFileType = sourcecode.swift; path = JokesViewPresenter.swift; sourceTree = "<group>"; };
		8453A1DD2A46D8D700846134 /* WebServices.swift */ = {isa = PBXFileReference; lastKnownFileType = sourcecode.swift; path = WebServices.swift; sourceTree = "<group>"; };
/* End PBXFileReference section */

/* Begin PBXFrameworksBuildPhase section */
		8453A1B52A45DF4A00846134 /* Frameworks */ = {
			isa = PBXFrameworksBuildPhase;
			buildActionMask = 2147483647;
			files = (
			);
			runOnlyForDeploymentPostprocessing = 0;
		};
/* End PBXFrameworksBuildPhase section */

/* Begin PBXGroup section */
		8453A1AF2A45DF4A00846134 = {
			isa = PBXGroup;
			children = (
				8453A1BA2A45DF4A00846134 /* JokeBox */,
				8453A1B92A45DF4A00846134 /* Products */,
			);
			sourceTree = "<group>";
		};
		8453A1B92A45DF4A00846134 /* Products */ = {
			isa = PBXGroup;
			children = (
				8453A1B82A45DF4A00846134 /* JokeBox.app */,
			);
			name = Products;
			sourceTree = "<group>";
		};
		8453A1BA2A45DF4A00846134 /* JokeBox */ = {
			isa = PBXGroup;
			children = (
				8453A1BB2A45DF4A00846134 /* AppDelegate.swift */,
				8453A1D32A46CFDE00846134 /* Model */,
				8453A1D42A46CFED00846134 /* View */,
				8453A1D52A46CFF600846134 /* Presenter */,
				8453A1DC2A46D8C600846134 /* Services */,
				8453A1D82A46D05D00846134 /* Resources */,
			);
			path = JokeBox;
			sourceTree = "<group>";
		};
		8453A1D32A46CFDE00846134 /* Model */ = {
			isa = PBXGroup;
			children = (
			);
			path = Model;
			sourceTree = "<group>";
		};
		8453A1D42A46CFED00846134 /* View */ = {
			isa = PBXGroup;
			children = (
				8453A1D92A46D07800846134 /* StoryBoards */,
				8453A1D72A46D02900846134 /* View Controllers */,
				8453A1D62A46D01B00846134 /* TableViewCells */,
			);
			path = View;
			sourceTree = "<group>";
		};
		8453A1D52A46CFF600846134 /* Presenter */ = {
			isa = PBXGroup;
			children = (
				8453A1DA2A46D28800846134 /* JokesViewPresenter.swift */,
			);
			path = Presenter;
			sourceTree = "<group>";
		};
		8453A1D62A46D01B00846134 /* TableViewCells */ = {
			isa = PBXGroup;
			children = (
				8453A1D12A46C90700846134 /* JokeTableViewCell.swift */,
			);
			path = TableViewCells;
			sourceTree = "<group>";
		};
		8453A1D72A46D02900846134 /* View Controllers */ = {
			isa = PBXGroup;
			children = (
				8453A1BF2A45DF4A00846134 /* JokesVC.swift */,
			);
			path = "View Controllers";
			sourceTree = "<group>";
		};
		8453A1D82A46D05D00846134 /* Resources */ = {
			isa = PBXGroup;
			children = (
				8453A1C92A45DF4B00846134 /* Info.plist */,
				8453A1C42A45DF4B00846134 /* Assets.xcassets */,
			);
			path = Resources;
			sourceTree = "<group>";
		};
		8453A1D92A46D07800846134 /* StoryBoards */ = {
			isa = PBXGroup;
			children = (
				8453A1C62A45DF4B00846134 /* LaunchScreen.storyboard */,
			);
			path = StoryBoards;
			sourceTree = "<group>";
		};
		8453A1DC2A46D8C600846134 /* Services */ = {
			isa = PBXGroup;
			children = (
				8453A1DD2A46D8D700846134 /* WebServices.swift */,
			);
			path = Services;
			sourceTree = "<group>";
		};
/* End PBXGroup section */

/* Begin PBXNativeTarget section */
		8453A1B72A45DF4A00846134 /* JokeBox */ = {
			isa = PBXNativeTarget;
			buildConfigurationList = 8453A1CC2A45DF4B00846134 /* Build configuration list for PBXNativeTarget "JokeBox" */;
			buildPhases = (
				8453A1B42A45DF4A00846134 /* Sources */,
				8453A1B52A45DF4A00846134 /* Frameworks */,
				8453A1B62A45DF4A00846134 /* Resources */,
			);
			buildRules = (
			);
			dependencies = (
			);
			name = JokeBox;
			productName = JokeBox;
			productReference = 8453A1B82A45DF4A00846134 /* JokeBox.app */;
			productType = "com.apple.product-type.application";
		};
/* End PBXNativeTarget section */

/* Begin PBXProject section */
		8453A1B02A45DF4A00846134 /* Project object */ = {
			isa = PBXProject;
			attributes = {
				BuildIndependentTargetsInParallel = 1;
				LastSwiftUpdateCheck = 1420;
				LastUpgradeCheck = 1420;
				TargetAttributes = {
					8453A1B72A45DF4A00846134 = {
						CreatedOnToolsVersion = 14.2;
					};
				};
			};
			buildConfigurationList = 8453A1B32A45DF4A00846134 /* Build configuration list for PBXProject "JokeBox" */;
			compatibilityVersion = "Xcode 14.0";
			developmentRegion = en;
			hasScannedForEncodings = 0;
			knownRegions = (
				en,
				Base,
			);
			mainGroup = 8453A1AF2A45DF4A00846134;
			productRefGroup = 8453A1B92A45DF4A00846134 /* Products */;
			projectDirPath = "";
			projectRoot = "";
			targets = (
				8453A1B72A45DF4A00846134 /* JokeBox */,
			);
		};
/* End PBXProject section */

/* Begin PBXResourcesBuildPhase section */
		8453A1B62A45DF4A00846134 /* Resources */ = {
			isa = PBXResourcesBuildPhase;
			buildActionMask = 2147483647;
			files = (
				8453A1C82A45DF4B00846134 /* LaunchScreen.storyboard in Resources */,
				8453A1C52A45DF4B00846134 /* Assets.xcassets in Resources */,
			);
			runOnlyForDeploymentPostprocessing = 0;
		};
/* End PBXResourcesBuildPhase section */

/* Begin PBXSourcesBuildPhase section */
		8453A1B42A45DF4A00846134 /* Sources */ = {
			isa = PBXSourcesBuildPhase;
			buildActionMask = 2147483647;
			files = (
				8453A1C02A45DF4A00846134 /* JokesVC.swift in Sources */,
				8453A1DE2A46D8D700846134 /* WebServices.swift in Sources */,
				8453A1BC2A45DF4A00846134 /* AppDelegate.swift in Sources */,
				8453A1DB2A46D28800846134 /* JokesViewPresenter.swift in Sources */,
				8453A1D22A46C90700846134 /* JokeTableViewCell.swift in Sources */,
			);
			runOnlyForDeploymentPostprocessing = 0;
		};
/* End PBXSourcesBuildPhase section */

/* Begin PBXVariantGroup section */
		8453A1C62A45DF4B00846134 /* LaunchScreen.storyboard */ = {
			isa = PBXVariantGroup;
			children = (
				8453A1C72A45DF4B00846134 /* Base */,
			);
			name = LaunchScreen.storyboard;
			sourceTree = "<group>";
		};
/* End PBXVariantGroup section */

/* Begin XCBuildConfiguration section */
		8453A1CA2A45DF4B00846134 /* Debug */ = {
			isa = XCBuildConfiguration;
			buildSettings = {
				ALWAYS_SEARCH_USER_PATHS = NO;
				CLANG_ANALYZER_NONNULL = YES;
				CLANG_ANALYZER_NUMBER_OBJECT_CONVERSION = YES_AGGRESSIVE;
				CLANG_CXX_LANGUAGE_STANDARD = "gnu++20";
				CLANG_ENABLE_MODULES = YES;
				CLANG_ENABLE_OBJC_ARC = YES;
				CLANG_ENABLE_OBJC_WEAK = YES;
				CLANG_WARN_BLOCK_CAPTURE_AUTORELEASING = YES;
				CLANG_WARN_BOOL_CONVERSION = YES;
				CLANG_WARN_COMMA = YES;
				CLANG_WARN_CONSTANT_CONVERSION = YES;
				CLANG_WARN_DEPRECATED_OBJC_IMPLEMENTATIONS = YES;
				CLANG_WARN_DIRECT_OBJC_ISA_USAGE = YES_ERROR;
				CLANG_WARN_DOCUMENTATION_COMMENTS = YES;
				CLANG_WARN_EMPTY_BODY = YES;
				CLANG_WARN_ENUM_CONVERSION = YES;
				CLANG_WARN_INFINITE_RECURSION = YES;
				CLANG_WARN_INT_CONVERSION = YES;
				CLANG_WARN_NON_LITERAL_NULL_CONVERSION = YES;
				CLANG_WARN_OBJC_IMPLICIT_RETAIN_SELF = YES;
				CLANG_WARN_OBJC_LITERAL_CONVERSION = YES;
				CLANG_WARN_OBJC_ROOT_CLASS = YES_ERROR;
				CLANG_WARN_QUOTED_INCLUDE_IN_FRAMEWORK_HEADER = YES;
				CLANG_WARN_RANGE_LOOP_ANALYSIS = YES;
				CLANG_WARN_STRICT_PROTOTYPES = YES;
				CLANG_WARN_SUSPICIOUS_MOVE = YES;
				CLANG_WARN_UNGUARDED_AVAILABILITY = YES_AGGRESSIVE;
				CLANG_WARN_UNREACHABLE_CODE = YES;
				CLANG_WARN__DUPLICATE_METHOD_MATCH = YES;
				COPY_PHASE_STRIP = NO;
				DEBUG_INFORMATION_FORMAT = dwarf;
				ENABLE_STRICT_OBJC_MSGSEND = YES;
				ENABLE_TESTABILITY = YES;
				GCC_C_LANGUAGE_STANDARD = gnu11;
				GCC_DYNAMIC_NO_PIC = NO;
				GCC_NO_COMMON_BLOCKS = YES;
				GCC_OPTIMIZATION_LEVEL = 0;
				GCC_PREPROCESSOR_DEFINITIONS = (
					"DEBUG=1",
					"$(inherited)",
				);
				GCC_WARN_64_TO_32_BIT_CONVERSION = YES;
				GCC_WARN_ABOUT_RETURN_TYPE = YES_ERROR;
				GCC_WARN_UNDECLARED_SELECTOR = YES;
				GCC_WARN_UNINITIALIZED_AUTOS = YES_AGGRESSIVE;
				GCC_WARN_UNUSED_FUNCTION = YES;
				GCC_WARN_UNUSED_VARIABLE = YES;
				IPHONEOS_DEPLOYMENT_TARGET = 16.2;
				MTL_ENABLE_DEBUG_INFO = INCLUDE_SOURCE;
				MTL_FAST_MATH = YES;
				ONLY_ACTIVE_ARCH = YES;
				SDKROOT = iphoneos;
				SWIFT_ACTIVE_COMPILATION_CONDITIONS = DEBUG;
				SWIFT_OPTIMIZATION_LEVEL = "-Onone";
			};
			name = Debug;
		};
		8453A1CB2A45DF4B00846134 /* Release */ = {
			isa = XCBuildConfiguration;
			buildSettings = {
				ALWAYS_SEARCH_USER_PATHS = NO;
				CLANG_ANALYZER_NONNULL = YES;
				CLANG_ANALYZER_NUMBER_OBJECT_CONVERSION = YES_AGGRESSIVE;
				CLANG_CXX_LANGUAGE_STANDARD = "gnu++20";
				CLANG_ENABLE_MODULES = YES;
				CLANG_ENABLE_OBJC_ARC = YES;
				CLANG_ENABLE_OBJC_WEAK = YES;
				CLANG_WARN_BLOCK_CAPTURE_AUTORELEASING = YES;
				CLANG_WARN_BOOL_CONVERSION = YES;
				CLANG_WARN_COMMA = YES;
				CLANG_WARN_CONSTANT_CONVERSION = YES;
				CLANG_WARN_DEPRECATED_OBJC_IMPLEMENTATIONS = YES;
				CLANG_WARN_DIRECT_OBJC_ISA_USAGE = YES_ERROR;
				CLANG_WARN_DOCUMENTATION_COMMENTS = YES;
				CLANG_WARN_EMPTY_BODY = YES;
				CLANG_WARN_ENUM_CONVERSION = YES;
				CLANG_WARN_INFINITE_RECURSION = YES;
				CLANG_WARN_INT_CONVERSION = YES;
				CLANG_WARN_NON_LITERAL_NULL_CONVERSION = YES;
				CLANG_WARN_OBJC_IMPLICIT_RETAIN_SELF = YES;
				CLANG_WARN_OBJC_LITERAL_CONVERSION = YES;
				CLANG_WARN_OBJC_ROOT_CLASS = YES_ERROR;
				CLANG_WARN_QUOTED_INCLUDE_IN_FRAMEWORK_HEADER = YES;
				CLANG_WARN_RANGE_LOOP_ANALYSIS = YES;
				CLANG_WARN_STRICT_PROTOTYPES = YES;
				CLANG_WARN_SUSPICIOUS_MOVE = YES;
				CLANG_WARN_UNGUARDED_AVAILABILITY = YES_AGGRESSIVE;
				CLANG_WARN_UNREACHABLE_CODE = YES;
				CLANG_WARN__DUPLICATE_METHOD_MATCH = YES;
				COPY_PHASE_STRIP = NO;
				DEBUG_INFORMATION_FORMAT = "dwarf-with-dsym";
				ENABLE_NS_ASSERTIONS = NO;
				ENABLE_STRICT_OBJC_MSGSEND = YES;
				GCC_C_LANGUAGE_STANDARD = gnu11;
				GCC_NO_COMMON_BLOCKS = YES;
				GCC_WARN_64_TO_32_BIT_CONVERSION = YES;
				GCC_WARN_ABOUT_RETURN_TYPE = YES_ERROR;
				GCC_WARN_UNDECLARED_SELECTOR = YES;
				GCC_WARN_UNINITIALIZED_AUTOS = YES_AGGRESSIVE;
				GCC_WARN_UNUSED_FUNCTION = YES;
				GCC_WARN_UNUSED_VARIABLE = YES;
				IPHONEOS_DEPLOYMENT_TARGET = 16.2;
				MTL_ENABLE_DEBUG_INFO = NO;
				MTL_FAST_MATH = YES;
				SDKROOT = iphoneos;
				SWIFT_COMPILATION_MODE = wholemodule;
				SWIFT_OPTIMIZATION_LEVEL = "-O";
				VALIDATE_PRODUCT = YES;
			};
			name = Release;
		};
		8453A1CD2A45DF4B00846134 /* Debug */ = {
			isa = XCBuildConfiguration;
			buildSettings = {
				ASSETCATALOG_COMPILER_APPICON_NAME = AppIcon;
				ASSETCATALOG_COMPILER_GLOBAL_ACCENT_COLOR_NAME = AccentColor;
				CODE_SIGN_STYLE = Automatic;
				CURRENT_PROJECT_VERSION = 1;
				GENERATE_INFOPLIST_FILE = YES;
				INFOPLIST_FILE = JokeBox/Resources/Info.plist;
				INFOPLIST_KEY_UIApplicationSupportsIndirectInputEvents = YES;
				INFOPLIST_KEY_UILaunchStoryboardName = LaunchScreen.storyboard;
				INFOPLIST_KEY_UIMainStoryboardFile = "";
				INFOPLIST_KEY_UISupportedInterfaceOrientations = UIInterfaceOrientationPortrait;
				IPHONEOS_DEPLOYMENT_TARGET = 13.0;
				LD_RUNPATH_SEARCH_PATHS = (
					"$(inherited)",
					"@executable_path/Frameworks",
				);
				MARKETING_VERSION = 1.0;
				PRODUCT_BUNDLE_IDENTIFIER = com.unlimit.jokebox.JokeBox;
				PRODUCT_NAME = "$(TARGET_NAME)";
				SWIFT_EMIT_LOC_STRINGS = YES;
				SWIFT_VERSION = 5.0;
				TARGETED_DEVICE_FAMILY = "1,2";
			};
			name = Debug;
		};
		8453A1CE2A45DF4B00846134 /* Release */ = {
			isa = XCBuildConfiguration;
			buildSettings = {
				ASSETCATALOG_COMPILER_APPICON_NAME = AppIcon;
				ASSETCATALOG_COMPILER_GLOBAL_ACCENT_COLOR_NAME = AccentColor;
				CODE_SIGN_STYLE = Automatic;
				CURRENT_PROJECT_VERSION = 1;
				GENERATE_INFOPLIST_FILE = YES;
				INFOPLIST_FILE = JokeBox/Resources/Info.plist;
				INFOPLIST_KEY_UIApplicationSupportsIndirectInputEvents = YES;
				INFOPLIST_KEY_UILaunchStoryboardName = LaunchScreen.storyboard;
				INFOPLIST_KEY_UIMainStoryboardFile = "";
				INFOPLIST_KEY_UISupportedInterfaceOrientations = UIInterfaceOrientationPortrait;
				IPHONEOS_DEPLOYMENT_TARGET = 13.0;
				LD_RUNPATH_SEARCH_PATHS = (
					"$(inherited)",
					"@executable_path/Frameworks",
				);
				MARKETING_VERSION = 1.0;
				PRODUCT_BUNDLE_IDENTIFIER = com.unlimit.jokebox.JokeBox;
				PRODUCT_NAME = "$(TARGET_NAME)";
				SWIFT_EMIT_LOC_STRINGS = YES;
				SWIFT_VERSION = 5.0;
				TARGETED_DEVICE_FAMILY = "1,2";
			};
			name = Release;
		};
/* End XCBuildConfiguration section */

/* Begin XCConfigurationList section */
		8453A1B32A45DF4A00846134 /* Build configuration list for PBXProject "JokeBox" */ = {
			isa = XCConfigurationList;
			buildConfigurations = (
				8453A1CA2A45DF4B00846134 /* Debug */,
				8453A1CB2A45DF4B00846134 /* Release */,
			);
			defaultConfigurationIsVisible = 0;
			defaultConfigurationName = Release;
		};
		8453A1CC2A45DF4B00846134 /* Build configuration list for PBXNativeTarget "JokeBox" */ = {
			isa = XCConfigurationList;
			buildConfigurations = (
				8453A1CD2A45DF4B00846134 /* Debug */,
				8453A1CE2A45DF4B00846134 /* Release */,
			);
			defaultConfigurationIsVisible = 0;
			defaultConfigurationName = Release;
		};
/* End XCConfigurationList section */
	};
	rootObject = 8453A1B02A45DF4A00846134 /* Project object */;
}
